
Microsoft Visual Studio Solution File, Format Version 12.00
# Visual Studio Version 17
VisualStudioVersion = 17.3.32901.215
MinimumVisualStudioVersion = 10.0.40219.1
Project("{8BC9CEB8-8B4A-11D0-8D11-00A0C91BC942}") = "view", "view\view.vcxproj", "{94E9A72E-2A9C-478E-B23C-44ADA6DDF4F2}"
EndProject
Project("{8BC9CEB8-8B4A-11D0-8D11-00A0C91BC942}") = "model2", "model\model2.vcxproj", "{1AA8ED92-30D8-43A2-9BA6-98D5FE3F4C39}"
EndProject
Project("{8BC9CEB8-8B4A-11D0-8D11-00A0C91BC942}") = "integrate", "view\integrate.vcxproj", "{74F404C4-0199-4B88-A93C-91EC7F7F4C6B}"
EndProject
Project("{8BC9CEB8-8B4A-11D0-8D11-00A0C91BC942}") = "spatial hashing", "spatial hashing\spatial hashing.vcxproj", "{FE1C3876-74FE-4EDC-9DC5-649A930953E6}"
EndProject
Project("{8BC9CEB8-8B4A-11D0-8D11-00A0C91BC942}") = "ptdistance", "ptdistance\ptdistance.vcxproj", "{C77A3A1A-0537-40A7-83C7-FDDCCC803FEF}"
EndProject
Project("{8BC9CEB8-8B4A-11D0-8D11-00A0C91BC942}") = "ccd", "Sample-Test1\Sample-Test1.vcxproj", "{87F7C3EC-8A8D-44B1-BA32-9B215C0849AE}"
EndProject
Project("{8BC9CEB8-8B4A-11D0-8D11-00A0C91BC942}") = "iAABB", "iAABB\iAABB.vcxproj", "{CEC1E425-5CC3-4692-8E80-6078466EEB81}"
EndProject
Global
	GlobalSection(SolutionConfigurationPlatforms) = preSolution
		Debug|x64 = Debug|x64
		Debug|x86 = Debug|x86
		Release|x64 = Release|x64
		Release|x86 = Release|x86
	EndGlobalSection
	GlobalSection(ProjectConfigurationPlatforms) = postSolution
		{94E9A72E-2A9C-478E-B23C-44ADA6DDF4F2}.Debug|x64.ActiveCfg = Debug|x64
		{94E9A72E-2A9C-478E-B23C-44ADA6DDF4F2}.Debug|x64.Build.0 = Debug|x64
		{94E9A72E-2A9C-478E-B23C-44ADA6DDF4F2}.Debug|x86.ActiveCfg = Debug|Win32
		{94E9A72E-2A9C-478E-B23C-44ADA6DDF4F2}.Debug|x86.Build.0 = Debug|Win32
		{94E9A72E-2A9C-478E-B23C-44ADA6DDF4F2}.Release|x64.ActiveCfg = Release|x64
		{94E9A72E-2A9C-478E-B23C-44ADA6DDF4F2}.Release|x64.Build.0 = Release|x64
		{94E9A72E-2A9C-478E-B23C-44ADA6DDF4F2}.Release|x86.ActiveCfg = Release|Win32
		{94E9A72E-2A9C-478E-B23C-44ADA6DDF4F2}.Release|x86.Build.0 = Release|Win32
		{1AA8ED92-30D8-43A2-9BA6-98D5FE3F4C39}.Debug|x64.ActiveCfg = Debug|x64
		{1AA8ED92-30D8-43A2-9BA6-98D5FE3F4C39}.Debug|x64.Build.0 = Debug|x64
		{1AA8ED92-30D8-43A2-9BA6-98D5FE3F4C39}.Debug|x86.ActiveCfg = Debug|Win32
		{1AA8ED92-30D8-43A2-9BA6-98D5FE3F4C39}.Debug|x86.Build.0 = Debug|Win32
		{1AA8ED92-30D8-43A2-9BA6-98D5FE3F4C39}.Release|x64.ActiveCfg = Release|x64
		{1AA8ED92-30D8-43A2-9BA6-98D5FE3F4C39}.Release|x64.Build.0 = Release|x64
		{1AA8ED92-30D8-43A2-9BA6-98D5FE3F4C39}.Release|x86.ActiveCfg = Release|Win32
		{1AA8ED92-30D8-43A2-9BA6-98D5FE3F4C39}.Release|x86.Build.0 = Release|Win32
		{74F404C4-0199-4B88-A93C-91EC7F7F4C6B}.Debug|x64.ActiveCfg = Debug|x64
		{74F404C4-0199-4B88-A93C-91EC7F7F4C6B}.Debug|x64.Build.0 = Debug|x64
		{74F404C4-0199-4B88-A93C-91EC7F7F4C6B}.Debug|x86.ActiveCfg = Debug|Win32
		{74F404C4-0199-4B88-A93C-91EC7F7F4C6B}.Debug|x86.Build.0 = Debug|Win32
		{74F404C4-0199-4B88-A93C-91EC7F7F4C6B}.Release|x64.ActiveCfg = Release|x64
		{74F404C4-0199-4B88-A93C-91EC7F7F4C6B}.Release|x64.Build.0 = Release|x64
		{74F404C4-0199-4B88-A93C-91EC7F7F4C6B}.Release|x86.ActiveCfg = Release|Win32
		{74F404C4-0199-4B88-A93C-91EC7F7F4C6B}.Release|x86.Build.0 = Release|Win32
		{FE1C3876-74FE-4EDC-9DC5-649A930953E6}.Debug|x64.ActiveCfg = Debug|x64
		{FE1C3876-74FE-4EDC-9DC5-649A930953E6}.Debug|x64.Build.0 = Debug|x64
		{FE1C3876-74FE-4EDC-9DC5-649A930953E6}.Debug|x86.ActiveCfg = Debug|Win32
		{FE1C3876-74FE-4EDC-9DC5-649A930953E6}.Debug|x86.Build.0 = Debug|Win32
		{FE1C3876-74FE-4EDC-9DC5-649A930953E6}.Release|x64.ActiveCfg = Release|x64
		{FE1C3876-74FE-4EDC-9DC5-649A930953E6}.Release|x64.Build.0 = Release|x64
		{FE1C3876-74FE-4EDC-9DC5-649A930953E6}.Release|x86.ActiveCfg = Release|Win32
		{FE1C3876-74FE-4EDC-9DC5-649A930953E6}.Release|x86.Build.0 = Release|Win32
		{C77A3A1A-0537-40A7-83C7-FDDCCC803FEF}.Debug|x64.ActiveCfg = Debug|x64
		{C77A3A1A-0537-40A7-83C7-FDDCCC803FEF}.Debug|x64.Build.0 = Debug|x64
		{C77A3A1A-0537-40A7-83C7-FDDCCC803FEF}.Debug|x86.ActiveCfg = Debug|Win32
		{C77A3A1A-0537-40A7-83C7-FDDCCC803FEF}.Debug|x86.Build.0 = Debug|Win32
		{C77A3A1A-0537-40A7-83C7-FDDCCC803FEF}.Release|x64.ActiveCfg = Release|x64
		{C77A3A1A-0537-40A7-83C7-FDDCCC803FEF}.Release|x64.Build.0 = Release|x64
		{C77A3A1A-0537-40A7-83C7-FDDCCC803FEF}.Release|x86.ActiveCfg = Release|Win32
		{C77A3A1A-0537-40A7-83C7-FDDCCC803FEF}.Release|x86.Build.0 = Release|Win32
		{87F7C3EC-8A8D-44B1-BA32-9B215C0849AE}.Debug|x64.ActiveCfg = Debug|x64
		{87F7C3EC-8A8D-44B1-BA32-9B215C0849AE}.Debug|x64.Build.0 = Debug|x64
		{87F7C3EC-8A8D-44B1-BA32-9B215C0849AE}.Debug|x86.ActiveCfg = Debug|Win32
		{87F7C3EC-8A8D-44B1-BA32-9B215C0849AE}.Debug|x86.Build.0 = Debug|Win32
		{87F7C3EC-8A8D-44B1-BA32-9B215C0849AE}.Release|x64.ActiveCfg = Release|x64
		{87F7C3EC-8A8D-44B1-BA32-9B215C0849AE}.Release|x64.Build.0 = Release|x64
		{87F7C3EC-8A8D-44B1-BA32-9B215C0849AE}.Release|x86.ActiveCfg = Release|Win32
		{87F7C3EC-8A8D-44B1-BA32-9B215C0849AE}.Release|x86.Build.0 = Release|Win32
		{CEC1E425-5CC3-4692-8E80-6078466EEB81}.Debug|x64.ActiveCfg = Debug|x64
		{CEC1E425-5CC3-4692-8E80-6078466EEB81}.Debug|x64.Build.0 = Debug|x64
		{CEC1E425-5CC3-4692-8E80-6078466EEB81}.Debug|x86.ActiveCfg = Debug|Win32
		{CEC1E425-5CC3-4692-8E80-6078466EEB81}.Debug|x86.Build.0 = Debug|Win32
		{CEC1E425-5CC3-4692-8E80-6078466EEB81}.Release|x64.ActiveCfg = Release|x64
		{CEC1E425-5CC3-4692-8E80-6078466EEB81}.Release|x64.Build.0 = Release|x64
		{CEC1E425-5CC3-4692-8E80-6078466EEB81}.Release|x86.ActiveCfg = Release|Win32
		{CEC1E425-5CC3-4692-8E80-6078466EEB81}.Release|x86.Build.0 = Release|Win32
	EndGlobalSection
	GlobalSection(SolutionProperties) = preSolution
		HideSolutionNode = FALSE
	EndGlobalSection
	GlobalSection(ExtensibilityGlobals) = postSolution
		SolutionGuid = {1351A14A-9170-4905-8B71-0A5659773603}
	EndGlobalSection
EndGlobal
